
Microsoft Visual Studio Solution File, Format Version 12.00
# Visual Studio 14
VisualStudioVersion = 14.0.25420.1
MinimumVisualStudioVersion = 10.0.40219.1
Project("{FAE04EC0-301F-11D3-BF4B-00C04F79EFBC}") = "LayUiProjectTwo", "LayUiProjectTwo\LayUiProjectTwo.csproj", "{5040965B-F70E-4B7D-9881-2959E6945576}"
EndProject
Project("{FAE04EC0-301F-11D3-BF4B-00C04F79EFBC}") = "Utility", "Utility\Utility.csproj", "{0CC33287-DE81-4C91-8F79-C6A62F608EFA}"
EndProject
Global
	GlobalSection(SolutionConfigurationPlatforms) = preSolution
		Debug|Any CPU = Debug|Any CPU
		Release|Any CPU = Release|Any CPU
	EndGlobalSection
	GlobalSection(ProjectConfigurationPlatforms) = postSolution
		{5040965B-F70E-4B7D-9881-2959E6945576}.Debug|Any CPU.ActiveCfg = Debug|Any CPU
		{5040965B-F70E-4B7D-9881-2959E6945576}.Debug|Any CPU.Build.0 = Debug|Any CPU
		{5040965B-F70E-4B7D-9881-2959E6945576}.Release|Any CPU.ActiveCfg = Release|Any CPU
		{5040965B-F70E-4B7D-9881-2959E6945576}.Release|Any CPU.Build.0 = Release|Any CPU
		{0CC33287-DE81-4C91-8F79-C6A62F608EFA}.Debug|Any CPU.ActiveCfg = Debug|Any CPU
		{0CC33287-DE81-4C91-8F79-C6A62F608EFA}.Debug|Any CPU.Build.0 = Debug|Any CPU
		{0CC33287-DE81-4C91-8F79-C6A62F608EFA}.Release|Any CPU.ActiveCfg = Release|Any CPU
		{0CC33287-DE81-4C91-8F79-C6A62F608EFA}.Release|Any CPU.Build.0 = Release|Any CPU
	EndGlobalSection
	GlobalSection(SolutionProperties) = preSolution
		HideSolutionNode = FALSE
	EndGlobalSection
EndGlobal
